// !$*UTF8*$!
{
	archiveVersion = 1;
	classes = {
	};
	objectVersion = 55;
	objects = {

/* Begin PBXBuildFile section */
		338F27154BBF504DCE5518A6 /* Pods_DiffableDatasource.framework in Frameworks */ = {isa = PBXBuildFile; fileRef = A3E8515EDFEDC1661557677D /* Pods_DiffableDatasource.framework */; };
		8EA44E10282A4330001BAC4E /* AppDelegate.swift in Sources */ = {isa = PBXBuildFile; fileRef = 8EA44E0F282A4330001BAC4E /* AppDelegate.swift */; };
		8EA44E12282A4330001BAC4E /* SceneDelegate.swift in Sources */ = {isa = PBXBuildFile; fileRef = 8EA44E11282A4330001BAC4E /* SceneDelegate.swift */; };
		8EA44E14282A4330001BAC4E /* ViewController.swift in Sources */ = {isa = PBXBuildFile; fileRef = 8EA44E13282A4330001BAC4E /* ViewController.swift */; };
		8EA44E17282A4330001BAC4E /* Main.storyboard in Resources */ = {isa = PBXBuildFile; fileRef = 8EA44E15282A4330001BAC4E /* Main.storyboard */; };
		8EA44E19282A4336001BAC4E /* Assets.xcassets in Resources */ = {isa = PBXBuildFile; fileRef = 8EA44E18282A4336001BAC4E /* Assets.xcassets */; };
		8EA44E1C282A4336001BAC4E /* LaunchScreen.storyboard in Resources */ = {isa = PBXBuildFile; fileRef = 8EA44E1A282A4336001BAC4E /* LaunchScreen.storyboard */; };
		8EA44E24282A49A7001BAC4E /* DiffableDataSource+CollectionView.swift in Sources */ = {isa = PBXBuildFile; fileRef = 8EA44E23282A49A7001BAC4E /* DiffableDataSource+CollectionView.swift */; };
		8EA44E27282A4BD2001BAC4E /* SongCollectionViewCell.swift in Sources */ = {isa = PBXBuildFile; fileRef = 8EA44E26282A4BD2001BAC4E /* SongCollectionViewCell.swift */; };
/* End PBXBuildFile section */

/* Begin PBXFileReference section */
		86D6F95A343FDF87E6AE233D /* Pods-DiffableDatasource.release.xcconfig */ = {isa = PBXFileReference; includeInIndex = 1; lastKnownFileType = text.xcconfig; name = "Pods-DiffableDatasource.release.xcconfig"; path = "Target Support Files/Pods-DiffableDatasource/Pods-DiffableDatasource.release.xcconfig"; sourceTree = "<group>"; };
		8EA44E0C282A4330001BAC4E /* DiffableDatasource.app */ = {isa = PBXFileReference; explicitFileType = wrapper.application; includeInIndex = 0; path = DiffableDatasource.app; sourceTree = BUILT_PRODUCTS_DIR; };
		8EA44E0F282A4330001BAC4E /* AppDelegate.swift */ = {isa = PBXFileReference; lastKnownFileType = sourcecode.swift; path = AppDelegate.swift; sourceTree = "<group>"; };
		8EA44E11282A4330001BAC4E /* SceneDelegate.swift */ = {isa = PBXFileReference; lastKnownFileType = sourcecode.swift; path = SceneDelegate.swift; sourceTree = "<group>"; };
		8EA44E13282A4330001BAC4E /* ViewController.swift */ = {isa = PBXFileReference; lastKnownFileType = sourcecode.swift; path = ViewController.swift; sourceTree = "<group>"; };
		8EA44E16282A4330001BAC4E /* Base */ = {isa = PBXFileReference; lastKnownFileType = file.storyboard; name = Base; path = Base.lproj/Main.storyboard; sourceTree = "<group>"; };
		8EA44E18282A4336001BAC4E /* Assets.xcassets */ = {isa = PBXFileReference; lastKnownFileType = folder.assetcatalog; path = Assets.xcassets; sourceTree = "<group>"; };
		8EA44E1B282A4336001BAC4E /* Base */ = {isa = PBXFileReference; lastKnownFileType = file.storyboard; name = Base; path = Base.lproj/LaunchScreen.storyboard; sourceTree = "<group>"; };
		8EA44E1D282A4336001BAC4E /* Info.plist */ = {isa = PBXFileReference; lastKnownFileType = text.plist.xml; path = Info.plist; sourceTree = "<group>"; };
		8EA44E23282A49A7001BAC4E /* DiffableDataSource+CollectionView.swift */ = {isa = PBXFileReference; lastKnownFileType = sourcecode.swift; path = "DiffableDataSource+CollectionView.swift"; sourceTree = "<group>"; };
		8EA44E26282A4BD2001BAC4E /* SongCollectionViewCell.swift */ = {isa = PBXFileReference; lastKnownFileType = sourcecode.swift; path = SongCollectionViewCell.swift; sourceTree = "<group>"; };
		A3E8515EDFEDC1661557677D /* Pods_DiffableDatasource.framework */ = {isa = PBXFileReference; explicitFileType = wrapper.framework; includeInIndex = 0; path = Pods_DiffableDatasource.framework; sourceTree = BUILT_PRODUCTS_DIR; };
		F11A54A56912102E07531FAD /* Pods-DiffableDatasource.debug.xcconfig */ = {isa = PBXFileReference; includeInIndex = 1; lastKnownFileType = text.xcconfig; name = "Pods-DiffableDatasource.debug.xcconfig"; path = "Target Support Files/Pods-DiffableDatasource/Pods-DiffableDatasource.debug.xcconfig"; sourceTree = "<group>"; };
/* End PBXFileReference section */

/* Begin PBXFrameworksBuildPhase section */
		8EA44E09282A432F001BAC4E /* Frameworks */ = {
			isa = PBXFrameworksBuildPhase;
			buildActionMask = 2147483647;
			files = (
				338F27154BBF504DCE5518A6 /* Pods_DiffableDatasource.framework in Frameworks */,
			);
			runOnlyForDeploymentPostprocessing = 0;
		};
/* End PBXFrameworksBuildPhase section */

/* Begin PBXGroup section */
		15809A5636739F340C1487B3 /* Frameworks */ = {
			isa = PBXGroup;
			children = (
				A3E8515EDFEDC1661557677D /* Pods_DiffableDatasource.framework */,
			);
			name = Frameworks;
			sourceTree = "<group>";
		};
		3446BB72589FAD4E76BA5C9F /* Pods */ = {
			isa = PBXGroup;
			children = (
				F11A54A56912102E07531FAD /* Pods-DiffableDatasource.debug.xcconfig */,
				86D6F95A343FDF87E6AE233D /* Pods-DiffableDatasource.release.xcconfig */,
			);
			path = Pods;
			sourceTree = "<group>";
		};
		8EA44E03282A432F001BAC4E = {
			isa = PBXGroup;
			children = (
				8EA44E0E282A4330001BAC4E /* DiffableDatasource */,
				8EA44E0D282A4330001BAC4E /* Products */,
				3446BB72589FAD4E76BA5C9F /* Pods */,
				15809A5636739F340C1487B3 /* Frameworks */,
			);
			sourceTree = "<group>";
		};
		8EA44E0D282A4330001BAC4E /* Products */ = {
			isa = PBXGroup;
			children = (
				8EA44E0C282A4330001BAC4E /* DiffableDatasource.app */,
			);
			name = Products;
			sourceTree = "<group>";
		};
		8EA44E0E282A4330001BAC4E /* DiffableDatasource */ = {
			isa = PBXGroup;
			children = (
				8EA44E23282A49A7001BAC4E /* DiffableDataSource+CollectionView.swift */,
				8EA44E25282A4AE1001BAC4E /* Cell */,
				8EA44E0F282A4330001BAC4E /* AppDelegate.swift */,
				8EA44E11282A4330001BAC4E /* SceneDelegate.swift */,
				8EA44E13282A4330001BAC4E /* ViewController.swift */,
				8EA44E15282A4330001BAC4E /* Main.storyboard */,
				8EA44E18282A4336001BAC4E /* Assets.xcassets */,
				8EA44E1A282A4336001BAC4E /* LaunchScreen.storyboard */,
				8EA44E1D282A4336001BAC4E /* Info.plist */,
			);
			path = DiffableDatasource;
			sourceTree = "<group>";
		};
		8EA44E25282A4AE1001BAC4E /* Cell */ = {
			isa = PBXGroup;
			children = (
				8EA44E26282A4BD2001BAC4E /* SongCollectionViewCell.swift */,
			);
			path = Cell;
			sourceTree = "<group>";
		};
/* End PBXGroup section */

/* Begin PBXNativeTarget section */
		8EA44E0B282A432F001BAC4E /* DiffableDatasource */ = {
			isa = PBXNativeTarget;
			buildConfigurationList = 8EA44E20282A4336001BAC4E /* Build configuration list for PBXNativeTarget "DiffableDatasource" */;
			buildPhases = (
				D0797E969E15A523AF840717 /* [CP] Check Pods Manifest.lock */,
				8EA44E08282A432F001BAC4E /* Sources */,
				8EA44E09282A432F001BAC4E /* Frameworks */,
				8EA44E0A282A432F001BAC4E /* Resources */,
				DC2616FE03D31CADFE533B96 /* [CP] Embed Pods Frameworks */,
			);
			buildRules = (
			);
			dependencies = (
			);
			name = DiffableDatasource;
			productName = DiffableDatasource;
			productReference = 8EA44E0C282A4330001BAC4E /* DiffableDatasource.app */;
			productType = "com.apple.product-type.application";
		};
/* End PBXNativeTarget section */

/* Begin PBXProject section */
		8EA44E04282A432F001BAC4E /* Project object */ = {
			isa = PBXProject;
			attributes = {
				BuildIndependentTargetsInParallel = 1;
				LastSwiftUpdateCheck = 1330;
				LastUpgradeCheck = 1330;
				TargetAttributes = {
					8EA44E0B282A432F001BAC4E = {
						CreatedOnToolsVersion = 13.3.1;
					};
				};
			};
			buildConfigurationList = 8EA44E07282A432F001BAC4E /* Build configuration list for PBXProject "DiffableDatasource" */;
			compatibilityVersion = "Xcode 13.0";
			developmentRegion = en;
			hasScannedForEncodings = 0;
			knownRegions = (
				en,
				Base,
			);
			mainGroup = 8EA44E03282A432F001BAC4E;
			productRefGroup = 8EA44E0D282A4330001BAC4E /* Products */;
			projectDirPath = "";
			projectRoot = "";
			targets = (
				8EA44E0B282A432F001BAC4E /* DiffableDatasource */,
			);
		};
/* End PBXProject section */

/* Begin PBXResourcesBuildPhase section */
		8EA44E0A282A432F001BAC4E /* Resources */ = {
			isa = PBXResourcesBuildPhase;
			buildActionMask = 2147483647;
			files = (
				8EA44E1C282A4336001BAC4E /* LaunchScreen.storyboard in Resources */,
				8EA44E19282A4336001BAC4E /* Assets.xcassets in Resources */,
				8EA44E17282A4330001BAC4E /* Main.storyboard in Resources */,
			);
			runOnlyForDeploymentPostprocessing = 0;
		};
/* End PBXResourcesBuildPhase section */

/* Begin PBXShellScriptBuildPhase section */
		D0797E969E15A523AF840717 /* [CP] Check Pods Manifest.lock */ = {
			isa = PBXShellScriptBuildPhase;
			buildActionMask = 2147483647;
			files = (
			);
			inputFileListPaths = (
			);
			inputPaths = (
				"${PODS_PODFILE_DIR_PATH}/Podfile.lock",
				"${PODS_ROOT}/Manifest.lock",
			);
			name = "[CP] Check Pods Manifest.lock";
			outputFileListPaths = (
			);
			outputPaths = (
				"$(DERIVED_FILE_DIR)/Pods-DiffableDatasource-checkManifestLockResult.txt",
			);
			runOnlyForDeploymentPostprocessing = 0;
			shellPath = /bin/sh;
			shellScript = "diff \"${PODS_PODFILE_DIR_PATH}/Podfile.lock\" \"${PODS_ROOT}/Manifest.lock\" > /dev/null\nif [ $? != 0 ] ; then\n    # print error to STDERR\n    echo \"error: The sandbox is not in sync with the Podfile.lock. Run 'pod install' or update your CocoaPods installation.\" >&2\n    exit 1\nfi\n# This output is used by Xcode 'outputs' to avoid re-running this script phase.\necho \"SUCCESS\" > \"${SCRIPT_OUTPUT_FILE_0}\"\n";
			showEnvVarsInLog = 0;
		};
		DC2616FE03D31CADFE533B96 /* [CP] Embed Pods Frameworks */ = {
			isa = PBXShellScriptBuildPhase;
			buildActionMask = 2147483647;
			files = (
			);
			inputFileListPaths = (
				"${PODS_ROOT}/Target Support Files/Pods-DiffableDatasource/Pods-DiffableDatasource-frameworks-${CONFIGURATION}-input-files.xcfilelist",
			);
			name = "[CP] Embed Pods Frameworks";
			outputFileListPaths = (
				"${PODS_ROOT}/Target Support Files/Pods-DiffableDatasource/Pods-DiffableDatasource-frameworks-${CONFIGURATION}-output-files.xcfilelist",
			);
			runOnlyForDeploymentPostprocessing = 0;
			shellPath = /bin/sh;
			shellScript = "\"${PODS_ROOT}/Target Support Files/Pods-DiffableDatasource/Pods-DiffableDatasource-frameworks.sh\"\n";
			showEnvVarsInLog = 0;
		};
/* End PBXShellScriptBuildPhase section */

/* Begin PBXSourcesBuildPhase section */
		8EA44E08282A432F001BAC4E /* Sources */ = {
			isa = PBXSourcesBuildPhase;
			buildActionMask = 2147483647;
			files = (
				8EA44E24282A49A7001BAC4E /* DiffableDataSource+CollectionView.swift in Sources */,
				8EA44E14282A4330001BAC4E /* ViewController.swift in Sources */,
				8EA44E10282A4330001BAC4E /* AppDelegate.swift in Sources */,
				8EA44E27282A4BD2001BAC4E /* SongCollectionViewCell.swift in Sources */,
				8EA44E12282A4330001BAC4E /* SceneDelegate.swift in Sources */,
			);
			runOnlyForDeploymentPostprocessing = 0;
		};
/* End PBXSourcesBuildPhase section */

/* Begin PBXVariantGroup section */
		8EA44E15282A4330001BAC4E /* Main.storyboard */ = {
			isa = PBXVariantGroup;
			children = (
				8EA44E16282A4330001BAC4E /* Base */,
			);
			name = Main.storyboard;
			sourceTree = "<group>";
		};
		8EA44E1A282A4336001BAC4E /* LaunchScreen.storyboard */ = {
			isa = PBXVariantGroup;
			children = (
				8EA44E1B282A4336001BAC4E /* Base */,
			);
			name = LaunchScreen.storyboard;
			sourceTree = "<group>";
		};
/* End PBXVariantGroup section */

/* Begin XCBuildConfiguration section */
		8EA44E1E282A4336001BAC4E /* Debug */ = {
			isa = XCBuildConfiguration;
			buildSettings = {
				ALWAYS_SEARCH_USER_PATHS = NO;
				CLANG_ANALYZER_NONNULL = YES;
				CLANG_ANALYZER_NUMBER_OBJECT_CONVERSION = YES_AGGRESSIVE;
				CLANG_CXX_LANGUAGE_STANDARD = "gnu++17";
				CLANG_ENABLE_MODULES = YES;
				CLANG_ENABLE_OBJC_ARC = YES;
				CLANG_ENABLE_OBJC_WEAK = YES;
				CLANG_WARN_BLOCK_CAPTURE_AUTORELEASING = YES;
				CLANG_WARN_BOOL_CONVERSION = YES;
				CLANG_WARN_COMMA = YES;
				CLANG_WARN_CONSTANT_CONVERSION = YES;
				CLANG_WARN_DEPRECATED_OBJC_IMPLEMENTATIONS = YES;
				CLANG_WARN_DIRECT_OBJC_ISA_USAGE = YES_ERROR;
				CLANG_WARN_DOCUMENTATION_COMMENTS = YES;
				CLANG_WARN_EMPTY_BODY = YES;
				CLANG_WARN_ENUM_CONVERSION = YES;
				CLANG_WARN_INFINITE_RECURSION = YES;
				CLANG_WARN_INT_CONVERSION = YES;
				CLANG_WARN_NON_LITERAL_NULL_CONVERSION = YES;
				CLANG_WARN_OBJC_IMPLICIT_RETAIN_SELF = YES;
				CLANG_WARN_OBJC_LITERAL_CONVERSION = YES;
				CLANG_WARN_OBJC_ROOT_CLASS = YES_ERROR;
				CLANG_WARN_QUOTED_INCLUDE_IN_FRAMEWORK_HEADER = YES;
				CLANG_WARN_RANGE_LOOP_ANALYSIS = YES;
				CLANG_WARN_STRICT_PROTOTYPES = YES;
				CLANG_WARN_SUSPICIOUS_MOVE = YES;
				CLANG_WARN_UNGUARDED_AVAILABILITY = YES_AGGRESSIVE;
				CLANG_WARN_UNREACHABLE_CODE = YES;
				CLANG_WARN__DUPLICATE_METHOD_MATCH = YES;
				COPY_PHASE_STRIP = NO;
				DEBUG_INFORMATION_FORMAT = dwarf;
				ENABLE_STRICT_OBJC_MSGSEND = YES;
				ENABLE_TESTABILITY = YES;
				GCC_C_LANGUAGE_STANDARD = gnu11;
				GCC_DYNAMIC_NO_PIC = NO;
				GCC_NO_COMMON_BLOCKS = YES;
				GCC_OPTIMIZATION_LEVEL = 0;
				GCC_PREPROCESSOR_DEFINITIONS = (
					"DEBUG=1",
					"$(inherited)",
				);
				GCC_WARN_64_TO_32_BIT_CONVERSION = YES;
				GCC_WARN_ABOUT_RETURN_TYPE = YES_ERROR;
				GCC_WARN_UNDECLARED_SELECTOR = YES;
				GCC_WARN_UNINITIALIZED_AUTOS = YES_AGGRESSIVE;
				GCC_WARN_UNUSED_FUNCTION = YES;
				GCC_WARN_UNUSED_VARIABLE = YES;
				IPHONEOS_DEPLOYMENT_TARGET = 15.4;
				MTL_ENABLE_DEBUG_INFO = INCLUDE_SOURCE;
				MTL_FAST_MATH = YES;
				ONLY_ACTIVE_ARCH = YES;
				SDKROOT = iphoneos;
				SWIFT_ACTIVE_COMPILATION_CONDITIONS = DEBUG;
				SWIFT_OPTIMIZATION_LEVEL = "-Onone";
			};
			name = Debug;
		};
		8EA44E1F282A4336001BAC4E /* Release */ = {
			isa = XCBuildConfiguration;
			buildSettings = {
				ALWAYS_SEARCH_USER_PATHS = NO;
				CLANG_ANALYZER_NONNULL = YES;
				CLANG_ANALYZER_NUMBER_OBJECT_CONVERSION = YES_AGGRESSIVE;
				CLANG_CXX_LANGUAGE_STANDARD = "gnu++17";
				CLANG_ENABLE_MODULES = YES;
				CLANG_ENABLE_OBJC_ARC = YES;
				CLANG_ENABLE_OBJC_WEAK = YES;
				CLANG_WARN_BLOCK_CAPTURE_AUTORELEASING = YES;
				CLANG_WARN_BOOL_CONVERSION = YES;
				CLANG_WARN_COMMA = YES;
				CLANG_WARN_CONSTANT_CONVERSION = YES;
				CLANG_WARN_DEPRECATED_OBJC_IMPLEMENTATIONS = YES;
				CLANG_WARN_DIRECT_OBJC_ISA_USAGE = YES_ERROR;
				CLANG_WARN_DOCUMENTATION_COMMENTS = YES;
				CLANG_WARN_EMPTY_BODY = YES;
				CLANG_WARN_ENUM_CONVERSION = YES;
				CLANG_WARN_INFINITE_RECURSION = YES;
				CLANG_WARN_INT_CONVERSION = YES;
				CLANG_WARN_NON_LITERAL_NULL_CONVERSION = YES;
				CLANG_WARN_OBJC_IMPLICIT_RETAIN_SELF = YES;
				CLANG_WARN_OBJC_LITERAL_CONVERSION = YES;
				CLANG_WARN_OBJC_ROOT_CLASS = YES_ERROR;
				CLANG_WARN_QUOTED_INCLUDE_IN_FRAMEWORK_HEADER = YES;
				CLANG_WARN_RANGE_LOOP_ANALYSIS = YES;
				CLANG_WARN_STRICT_PROTOTYPES = YES;
				CLANG_WARN_SUSPICIOUS_MOVE = YES;
				CLANG_WARN_UNGUARDED_AVAILABILITY = YES_AGGRESSIVE;
				CLANG_WARN_UNREACHABLE_CODE = YES;
				CLANG_WARN__DUPLICATE_METHOD_MATCH = YES;
				COPY_PHASE_STRIP = NO;
				DEBUG_INFORMATION_FORMAT = "dwarf-with-dsym";
				ENABLE_NS_ASSERTIONS = NO;
				ENABLE_STRICT_OBJC_MSGSEND = YES;
				GCC_C_LANGUAGE_STANDARD = gnu11;
				GCC_NO_COMMON_BLOCKS = YES;
				GCC_WARN_64_TO_32_BIT_CONVERSION = YES;
				GCC_WARN_ABOUT_RETURN_TYPE = YES_ERROR;
				GCC_WARN_UNDECLARED_SELECTOR = YES;
				GCC_WARN_UNINITIALIZED_AUTOS = YES_AGGRESSIVE;
				GCC_WARN_UNUSED_FUNCTION = YES;
				GCC_WARN_UNUSED_VARIABLE = YES;
				IPHONEOS_DEPLOYMENT_TARGET = 15.4;
				MTL_ENABLE_DEBUG_INFO = NO;
				MTL_FAST_MATH = YES;
				SDKROOT = iphoneos;
				SWIFT_COMPILATION_MODE = wholemodule;
				SWIFT_OPTIMIZATION_LEVEL = "-O";
				VALIDATE_PRODUCT = YES;
			};
			name = Release;
		};
		8EA44E21282A4336001BAC4E /* Debug */ = {
			isa = XCBuildConfiguration;
			baseConfigurationReference = F11A54A56912102E07531FAD /* Pods-DiffableDatasource.debug.xcconfig */;
			buildSettings = {
				ASSETCATALOG_COMPILER_APPICON_NAME = AppIcon;
				ASSETCATALOG_COMPILER_GLOBAL_ACCENT_COLOR_NAME = AccentColor;
				CODE_SIGN_STYLE = Automatic;
				CURRENT_PROJECT_VERSION = 1;
				DEVELOPMENT_TEAM = J2Z4ZN37P4;
				GENERATE_INFOPLIST_FILE = YES;
				INFOPLIST_FILE = DiffableDatasource/Info.plist;
				INFOPLIST_KEY_UIApplicationSupportsIndirectInputEvents = YES;
				INFOPLIST_KEY_UILaunchStoryboardName = LaunchScreen;
				INFOPLIST_KEY_UIMainStoryboardFile = Main;
				INFOPLIST_KEY_UISupportedInterfaceOrientations_iPad = "UIInterfaceOrientationPortrait UIInterfaceOrientationPortraitUpsideDown UIInterfaceOrientationLandscapeLeft UIInterfaceOrientationLandscapeRight";
				INFOPLIST_KEY_UISupportedInterfaceOrientations_iPhone = "UIInterfaceOrientationPortrait UIInterfaceOrientationLandscapeLeft UIInterfaceOrientationLandscapeRight";
				LD_RUNPATH_SEARCH_PATHS = (
					"$(inherited)",
					"@executable_path/Frameworks",
				);
				MARKETING_VERSION = 1.0;
				PRODUCT_BUNDLE_IDENTIFIER = Develop.DiffableDatasource;
				PRODUCT_NAME = "$(TARGET_NAME)";
				SWIFT_EMIT_LOC_STRINGS = YES;
				SWIFT_VERSION = 5.0;
				TARGETED_DEVICE_FAMILY = "1,2";
			};
			name = Debug;
		};
		8EA44E22282A4336001BAC4E /* Release */ = {
			isa = XCBuildConfiguration;
			baseConfigurationReference = 86D6F95A343FDF87E6AE233D /* Pods-DiffableDatasource.release.xcconfig */;
			buildSettings = {
				ASSETCATALOG_COMPILER_APPICON_NAME = AppIcon;
				ASSETCATALOG_COMPILER_GLOBAL_ACCENT_COLOR_NAME = AccentColor;
				CODE_SIGN_STYLE = Automatic;
				CURRENT_PROJECT_VERSION = 1;
				DEVELOPMENT_TEAM = J2Z4ZN37P4;
				GENERATE_INFOPLIST_FILE = YES;
				INFOPLIST_FILE = DiffableDatasource/Info.plist;
				INFOPLIST_KEY_UIApplicationSupportsIndirectInputEvents = YES;
				INFOPLIST_KEY_UILaunchStoryboardName = LaunchScreen;
				INFOPLIST_KEY_UIMainStoryboardFile = Main;
				INFOPLIST_KEY_UISupportedInterfaceOrientations_iPad = "UIInterfaceOrientationPortrait UIInterfaceOrientationPortraitUpsideDown UIInterfaceOrientationLandscapeLeft UIInterfaceOrientationLandscapeRight";
				INFOPLIST_KEY_UISupportedInterfaceOrientations_iPhone = "UIInterfaceOrientationPortrait UIInterfaceOrientationLandscapeLeft UIInterfaceOrientationLandscapeRight";
				LD_RUNPATH_SEARCH_PATHS = (
					"$(inherited)",
					"@executable_path/Frameworks",
				);
				MARKETING_VERSION = 1.0;
				PRODUCT_BUNDLE_IDENTIFIER = Develop.DiffableDatasource;
				PRODUCT_NAME = "$(TARGET_NAME)";
				SWIFT_EMIT_LOC_STRINGS = YES;
				SWIFT_VERSION = 5.0;
				TARGETED_DEVICE_FAMILY = "1,2";
			};
			name = Release;
		};
/* End XCBuildConfiguration section */

/* Begin XCConfigurationList section */
		8EA44E07282A432F001BAC4E /* Build configuration list for PBXProject "DiffableDatasource" */ = {
			isa = XCConfigurationList;
			buildConfigurations = (
				8EA44E1E282A4336001BAC4E /* Debug */,
				8EA44E1F282A4336001BAC4E /* Release */,
			);
			defaultConfigurationIsVisible = 0;
			defaultConfigurationName = Release;
		};
		8EA44E20282A4336001BAC4E /* Build configuration list for PBXNativeTarget "DiffableDatasource" */ = {
			isa = XCConfigurationList;
			buildConfigurations = (
				8EA44E21282A4336001BAC4E /* Debug */,
				8EA44E22282A4336001BAC4E /* Release */,
			);
			defaultConfigurationIsVisible = 0;
			defaultConfigurationName = Release;
		};
/* End XCConfigurationList section */
	};
	rootObject = 8EA44E04282A432F001BAC4E /* Project object */;
}
